
Microsoft Visual Studio Solution File, Format Version 11.00
# Visual Studio 2010
Project("{FAE04EC0-301F-11D3-BF4B-00C04F79EFBC}") = "Assembly-CSharp-firstpass", "Assembly-CSharp-firstpass.csproj", "{9320B7BA-B63C-5172-42AE-BD91CB5E27DC}"
EndProject
Project("{FAE04EC0-301F-11D3-BF4B-00C04F79EFBC}") = "Assembly-CSharp", "Assembly-CSharp.csproj", "{48AEF1FF-DDF7-51F6-520A-F74A6FE7085F}"
EndProject
Project("{FAE04EC0-301F-11D3-BF4B-00C04F79EFBC}") = "Assembly-CSharp-Editor-firstpass", "Assembly-CSharp-Editor-firstpass.csproj", "{A8D6AB32-B07D-0472-4455-63023003C382}"
EndProject
Global
	GlobalSection(SolutionConfigurationPlatforms) = preSolution
		Debug|Any CPU = Debug|Any CPU
		Release|Any CPU = Release|Any CPU
	EndGlobalSection
	GlobalSection(ProjectConfigurationPlatforms) = postSolution
		{9320B7BA-B63C-5172-42AE-BD91CB5E27DC}.Debug|Any CPU.ActiveCfg = Debug|Any CPU
		{9320B7BA-B63C-5172-42AE-BD91CB5E27DC}.Debug|Any CPU.Build.0 = Debug|Any CPU
		{9320B7BA-B63C-5172-42AE-BD91CB5E27DC}.Release|Any CPU.ActiveCfg = Release|Any CPU
		{9320B7BA-B63C-5172-42AE-BD91CB5E27DC}.Release|Any CPU.Build.0 = Release|Any CPU
		{48AEF1FF-DDF7-51F6-520A-F74A6FE7085F}.Debug|Any CPU.ActiveCfg = Debug|Any CPU
		{48AEF1FF-DDF7-51F6-520A-F74A6FE7085F}.Debug|Any CPU.Build.0 = Debug|Any CPU
		{48AEF1FF-DDF7-51F6-520A-F74A6FE7085F}.Release|Any CPU.ActiveCfg = Release|Any CPU
		{48AEF1FF-DDF7-51F6-520A-F74A6FE7085F}.Release|Any CPU.Build.0 = Release|Any CPU
		{A8D6AB32-B07D-0472-4455-63023003C382}.Debug|Any CPU.ActiveCfg = Debug|Any CPU
		{A8D6AB32-B07D-0472-4455-63023003C382}.Debug|Any CPU.Build.0 = Debug|Any CPU
		{A8D6AB32-B07D-0472-4455-63023003C382}.Release|Any CPU.ActiveCfg = Release|Any CPU
		{A8D6AB32-B07D-0472-4455-63023003C382}.Release|Any CPU.Build.0 = Release|Any CPU
	EndGlobalSection
	GlobalSection(SolutionProperties) = preSolution
		HideSolutionNode = FALSE
	EndGlobalSection
	GlobalSection(MonoDevelopProperties) = preSolution
		StartupItem = Assembly-CSharp.csproj
	EndGlobalSection
EndGlobal
