Microsoft Visual Studio Solution File, Format Version 11.00
# Visual Studio 2008

Project("{4AA9553C-FEB0-2472-DB5F-E05633985B90}") = "New New Gather", "Assembly-CSharp.csproj", "{48AEF1FF-DDF7-51F6-520A-F74A6FE7085F}"
EndProject
Project("{4AA9553C-FEB0-2472-DB5F-E05633985B90}") = "New New Gather", "Assembly-CSharp-Editor.csproj", "{BB2D9AF1-B8AD-77EB-261F-37A3E869D67B}"
EndProject
Global
	GlobalSection(SolutionConfigurationPlatforms) = preSolution
		Debug|Any CPU = Debug|Any CPU
		Release|Any CPU = Release|Any CPU
	EndGlobalSection
	GlobalSection(ProjectConfigurationPlatforms) = postSolution
		{48AEF1FF-DDF7-51F6-520A-F74A6FE7085F}.Debug|Any CPU.ActiveCfg = Debug|Any CPU
		{48AEF1FF-DDF7-51F6-520A-F74A6FE7085F}.Debug|Any CPU.Build.0 = Debug|Any CPU
		{48AEF1FF-DDF7-51F6-520A-F74A6FE7085F}.Release|Any CPU.ActiveCfg = Release|Any CPU
		{48AEF1FF-DDF7-51F6-520A-F74A6FE7085F}.Release|Any CPU.Build.0 = Release|Any CPU
		{BB2D9AF1-B8AD-77EB-261F-37A3E869D67B}.Debug|Any CPU.ActiveCfg = Debug|Any CPU
		{BB2D9AF1-B8AD-77EB-261F-37A3E869D67B}.Debug|Any CPU.Build.0 = Debug|Any CPU
		{BB2D9AF1-B8AD-77EB-261F-37A3E869D67B}.Release|Any CPU.ActiveCfg = Release|Any CPU
		{BB2D9AF1-B8AD-77EB-261F-37A3E869D67B}.Release|Any CPU.Build.0 = Release|Any CPU
	EndGlobalSection
	GlobalSection(SolutionProperties) = preSolution
		HideSolutionNode = FALSE
	EndGlobalSection
	GlobalSection(MonoDevelopProperties) = preSolution
		StartupItem = Assembly-CSharp.csproj
	EndGlobalSection
EndGlobal
