
Microsoft Visual Studio Solution File, Format Version 11.00
# Visual Studio 2010
Project("{FAE04EC0-301F-11D3-BF4B-00C04F79EFBC}") = "Gathering Swarm", "Assembly-CSharp-firstpass.csproj", "{72068B36-E27E-6C94-1B15-494C392561C6}"
EndProject
Project("{FAE04EC0-301F-11D3-BF4B-00C04F79EFBC}") = "Gathering Swarm", "Assembly-CSharp.csproj", "{E43FA501-5053-72AD-8A35-371541A83303}"
EndProject
Project("{FAE04EC0-301F-11D3-BF4B-00C04F79EFBC}") = "Gathering Swarm", "Assembly-CSharp-Editor.csproj", "{8A362847-64B5-1035-867B-56EB2967F741}"
EndProject
Global
	GlobalSection(SolutionConfigurationPlatforms) = preSolution
		Debug|Any CPU = Debug|Any CPU
		Release|Any CPU = Release|Any CPU
	EndGlobalSection
	GlobalSection(ProjectConfigurationPlatforms) = postSolution
		{72068B36-E27E-6C94-1B15-494C392561C6}.Debug|Any CPU.ActiveCfg = Debug|Any CPU
		{72068B36-E27E-6C94-1B15-494C392561C6}.Debug|Any CPU.Build.0 = Debug|Any CPU
		{72068B36-E27E-6C94-1B15-494C392561C6}.Release|Any CPU.ActiveCfg = Release|Any CPU
		{72068B36-E27E-6C94-1B15-494C392561C6}.Release|Any CPU.Build.0 = Release|Any CPU
		{E43FA501-5053-72AD-8A35-371541A83303}.Debug|Any CPU.ActiveCfg = Debug|Any CPU
		{E43FA501-5053-72AD-8A35-371541A83303}.Debug|Any CPU.Build.0 = Debug|Any CPU
		{E43FA501-5053-72AD-8A35-371541A83303}.Release|Any CPU.ActiveCfg = Release|Any CPU
		{E43FA501-5053-72AD-8A35-371541A83303}.Release|Any CPU.Build.0 = Release|Any CPU
		{8A362847-64B5-1035-867B-56EB2967F741}.Debug|Any CPU.ActiveCfg = Debug|Any CPU
		{8A362847-64B5-1035-867B-56EB2967F741}.Debug|Any CPU.Build.0 = Debug|Any CPU
		{8A362847-64B5-1035-867B-56EB2967F741}.Release|Any CPU.ActiveCfg = Release|Any CPU
		{8A362847-64B5-1035-867B-56EB2967F741}.Release|Any CPU.Build.0 = Release|Any CPU
	EndGlobalSection
	GlobalSection(SolutionProperties) = preSolution
		HideSolutionNode = FALSE
	EndGlobalSection
	GlobalSection(MonoDevelopProperties) = preSolution
		StartupItem = Assembly-CSharp.csproj
	EndGlobalSection
EndGlobal
