
Microsoft Visual Studio Solution File, Format Version 12.00
# Visual Studio 15
Project("{FAE04EC0-301F-11D3-BF4B-00C04F79EFBC}") = "Assembly-CSharp", "Assembly-CSharp.csproj", "{563982B2-A5BB-DCA7-2F5B-9E0DA73AC8FE}"
EndProject
Project("{FAE04EC0-301F-11D3-BF4B-00C04F79EFBC}") = "PolyNav", "PolyNav.csproj", "{05B6D64A-CF51-0D21-81E6-DE7A4790AD80}"
EndProject
Project("{FAE04EC0-301F-11D3-BF4B-00C04F79EFBC}") = "Assembly-CSharp-Editor", "Assembly-CSharp-Editor.csproj", "{86E2001E-0E79-79A0-FA93-A9798CF83271}"
EndProject
Global
	GlobalSection(SolutionConfigurationPlatforms) = preSolution
		Debug|Any CPU = Debug|Any CPU
		Release|Any CPU = Release|Any CPU
	EndGlobalSection
	GlobalSection(ProjectConfigurationPlatforms) = postSolution
		{563982B2-A5BB-DCA7-2F5B-9E0DA73AC8FE}.Debug|Any CPU.ActiveCfg = Debug|Any CPU
		{563982B2-A5BB-DCA7-2F5B-9E0DA73AC8FE}.Debug|Any CPU.Build.0 = Debug|Any CPU
		{563982B2-A5BB-DCA7-2F5B-9E0DA73AC8FE}.Release|Any CPU.ActiveCfg = Release|Any CPU
		{563982B2-A5BB-DCA7-2F5B-9E0DA73AC8FE}.Release|Any CPU.Build.0 = Release|Any CPU
		{05B6D64A-CF51-0D21-81E6-DE7A4790AD80}.Debug|Any CPU.ActiveCfg = Debug|Any CPU
		{05B6D64A-CF51-0D21-81E6-DE7A4790AD80}.Debug|Any CPU.Build.0 = Debug|Any CPU
		{05B6D64A-CF51-0D21-81E6-DE7A4790AD80}.Release|Any CPU.ActiveCfg = Release|Any CPU
		{05B6D64A-CF51-0D21-81E6-DE7A4790AD80}.Release|Any CPU.Build.0 = Release|Any CPU
		{86E2001E-0E79-79A0-FA93-A9798CF83271}.Debug|Any CPU.ActiveCfg = Debug|Any CPU
		{86E2001E-0E79-79A0-FA93-A9798CF83271}.Debug|Any CPU.Build.0 = Debug|Any CPU
		{86E2001E-0E79-79A0-FA93-A9798CF83271}.Release|Any CPU.ActiveCfg = Release|Any CPU
		{86E2001E-0E79-79A0-FA93-A9798CF83271}.Release|Any CPU.Build.0 = Release|Any CPU
	EndGlobalSection
	GlobalSection(SolutionProperties) = preSolution
		HideSolutionNode = FALSE
	EndGlobalSection
EndGlobal
